<?xml version="1.0" encoding="utf-8"?>
<Project ToolsVersion="4.0" xmlns="http://schemas.microsoft.com/developer/msbuild/2003">
  <ItemGroup>
    <Filter Include="99.Defines">
      <UniqueIdentifier>{fb79177f-6af2-42b8-a50b-bbc3b63e3f72}</UniqueIdentifier>
    </Filter>
    <Filter Include="00.MainApp">
      <UniqueIdentifier>{36ddfabb-8bb7-40c9-a17f-c7b97483a7fd}</UniqueIdentifier>
    </Filter>
    <Filter Include="01.Levels">
      <UniqueIdentifier>{f44a7a5e-dc7a-460e-9e7e-389f947c35ff}</UniqueIdentifier>
    </Filter>
    <Filter Include="01.Levels\Logo">
      <UniqueIdentifier>{bfceb82a-607f-4756-925e-dbf78b769e31}</UniqueIdentifier>
    </Filter>
    <Filter Include="01.Levels\GamePlay">
      <UniqueIdentifier>{496bfdc0-36c4-4ae4-a032-6e701acb2b32}</UniqueIdentifier>
    </Filter>
    <Filter Include="01.Levels\Loading">
      <UniqueIdentifier>{5826f108-d734-4b34-a4f6-11a528a309a5}</UniqueIdentifier>
    </Filter>
    <Filter Include="01.Levels\Loading\Loader">
      <UniqueIdentifier>{91d96f38-b5f2-4ed1-a4ee-a6224c0c3cf0}</UniqueIdentifier>
    </Filter>
    <Filter Include="02.GameObjects">
      <UniqueIdentifier>{bd09e51d-766a-4343-ad6c-b0e50d2d43cd}</UniqueIdentifier>
    </Filter>
    <Filter Include="02.GameObjects\00.BackGround">
      <UniqueIdentifier>{21287f1c-586b-4a97-90d2-9e630f240bae}</UniqueIdentifier>
    </Filter>
    <Filter Include="98.Default">
      <UniqueIdentifier>{4d9edaa0-3df0-42f3-8df9-280f1ae7af4a}</UniqueIdentifier>
    </Filter>
    <Filter Include="97.ShaderFiles">
      <UniqueIdentifier>{16251933-5a3e-4bdb-8f5e-4d9b7af0d35d}</UniqueIdentifier>
    </Filter>
    <Filter Include="02.GameObjects\01.Terrain">
      <UniqueIdentifier>{e3eb8a4e-7019-4deb-af0f-806abe1a5053}</UniqueIdentifier>
    </Filter>
    <Filter Include="02.GameObjects\99.Camera">
      <UniqueIdentifier>{aae6caeb-858d-4707-9718-e4b878cdd9de}</UniqueIdentifier>
    </Filter>
    <Filter Include="02.GameObjects\02.Monster">
      <UniqueIdentifier>{0083e25f-5f57-4f81-8604-c0d79a304e39}</UniqueIdentifier>
    </Filter>
    <Filter Include="02.GameObjects\Player">
      <UniqueIdentifier>{8f883c94-a0eb-4a1f-8c6b-7d6ad9306137}</UniqueIdentifier>
    </Filter>
    <Filter Include="02.GameObjects\02.Monster\Spider">
      <UniqueIdentifier>{7ece832d-e48b-4957-9f20-46b51f05427f}</UniqueIdentifier>
    </Filter>
    <Filter Include="02.GameObjects\Player\Body">
      <UniqueIdentifier>{c281a311-d01a-41c2-9069-01740f32b7d9}</UniqueIdentifier>
    </Filter>
    <Filter Include="02.GameObjects\Player\Weapon">
      <UniqueIdentifier>{f3da7b21-d854-45f8-932f-ddf51448ee81}</UniqueIdentifier>
    </Filter>
    <Filter Include="02.GameObjects\Player\PlayerState">
      <UniqueIdentifier>{18f8b17a-f6e7-4653-83c2-328faa706733}</UniqueIdentifier>
    </Filter>
    <Filter Include="02.GameObjects\Player\PlayerState\Attack">
      <UniqueIdentifier>{cbd953f3-3460-4611-81f2-f3889ad76ae9}</UniqueIdentifier>
    </Filter>
    <Filter Include="02.GameObjects\Player\PlayerState\Block">
      <UniqueIdentifier>{18babd84-da34-4988-8e9e-3fc203fd2c1d}</UniqueIdentifier>
    </Filter>
    <Filter Include="02.GameObjects\Player\PlayerState\Climb">
      <UniqueIdentifier>{70961f69-57a4-41ca-93f4-9478c17db58f}</UniqueIdentifier>
    </Filter>
    <Filter Include="02.GameObjects\Player\PlayerState\Dash">
      <UniqueIdentifier>{4c0e7db4-5c3c-4102-9ee3-2a9ea93688d2}</UniqueIdentifier>
    </Filter>
    <Filter Include="02.GameObjects\Player\PlayerState\Hook">
      <UniqueIdentifier>{91ff7646-4a84-4225-82b2-63884973eedf}</UniqueIdentifier>
    </Filter>
    <Filter Include="02.GameObjects\Player\PlayerState\Idle">
      <UniqueIdentifier>{20bd5f69-2f2e-43e5-a41d-f92e39b249e7}</UniqueIdentifier>
    </Filter>
    <Filter Include="02.GameObjects\Player\PlayerState\Run">
      <UniqueIdentifier>{f9329845-46c4-418e-a071-0f666892c54d}</UniqueIdentifier>
    </Filter>
    <Filter Include="02.GameObjects\Player\PlayerState\Walk">
      <UniqueIdentifier>{8a74e2b3-093e-419c-9d90-ea65e2a085bb}</UniqueIdentifier>
    </Filter>
    <Filter Include="02.GameObjects\Player\PlayerState\Jump">
      <UniqueIdentifier>{384c5d59-f92f-480e-983b-902d1c3fc775}</UniqueIdentifier>
    </Filter>
    <Filter Include="02.GameObjects\Decorative_Object">
      <UniqueIdentifier>{b5048262-c551-4dfa-8192-a9be64636056}</UniqueIdentifier>
    </Filter>
    <Filter Include="02.GameObjects\Static_Object">
      <UniqueIdentifier>{29df4f49-079c-45ee-baa0-0831eb959bbc}</UniqueIdentifier>
    </Filter>
    <Filter Include="02.GameObjects\GameUI">
      <UniqueIdentifier>{ee254118-f533-4660-b70a-71af5e88c114}</UniqueIdentifier>
    </Filter>
    <Filter Include="02.GameObjects\GameUI\GrapplingPointUI">
      <UniqueIdentifier>{dedc00da-88af-4007-82af-4fdf1ad46dfb}</UniqueIdentifier>
    </Filter>
    <Filter Include="02.GameObjects\Player\PlayerState\Attack\Attack1">
      <UniqueIdentifier>{4d06ac44-1fc2-4ff3-a3f0-5bf7ae812c36}</UniqueIdentifier>
    </Filter>
    <Filter Include="02.GameObjects\Player\PlayerState\Attack\Attack2">
      <UniqueIdentifier>{265aa86f-56d9-4428-ab7f-d79d7c90d906}</UniqueIdentifier>
    </Filter>
    <Filter Include="02.GameObjects\Player\PlayerState\Attack\Attack3">
      <UniqueIdentifier>{402500e7-8451-44e2-a100-fb847f788807}</UniqueIdentifier>
    </Filter>
    <Filter Include="02.GameObjects\Player\PlayerState\Attack\Sh_Attack1">
      <UniqueIdentifier>{4f34139f-b57c-46f2-aaa7-1d0506dcdc70}</UniqueIdentifier>
    </Filter>
    <Filter Include="02.GameObjects\Player\PlayerState\Block\Block1">
      <UniqueIdentifier>{f6ba3f0f-3c01-4503-babc-0a09296282a1}</UniqueIdentifier>
    </Filter>
    <Filter Include="02.GameObjects\Player\PlayerState\Block\Block2">
      <UniqueIdentifier>{c5562cbe-d9cc-4c70-814d-56e0ef30f484}</UniqueIdentifier>
    </Filter>
    <Filter Include="02.GameObjects\Player\PlayerState\Block\Block3">
      <UniqueIdentifier>{2f12d336-69ba-4456-a2f4-5c004edaaa53}</UniqueIdentifier>
    </Filter>
    <Filter Include="02.GameObjects\GameUI\IconUI">
      <UniqueIdentifier>{973f3f99-8013-4ce8-b120-7255b2e72c51}</UniqueIdentifier>
    </Filter>
    <Filter Include="02.GameObjects\GameUI\NumberUI">
      <UniqueIdentifier>{62536c95-02ec-4f1f-adc4-cc9307d00b33}</UniqueIdentifier>
    </Filter>
    <Filter Include="02.GameObjects\03.Sky">
      <UniqueIdentifier>{e527a503-48a3-4bbf-a086-1346ac1dce6f}</UniqueIdentifier>
    </Filter>
    <Filter Include="02.GameObjects\Player\PlayerState\CutAll">
      <UniqueIdentifier>{69a645c9-217b-4d76-9e2c-b9d9fa19bd75}</UniqueIdentifier>
    </Filter>
    <Filter Include="02.GameObjects\Player\PlayerState\Nami">
      <UniqueIdentifier>{886c6ae7-39c6-494b-aadf-3dd3a3291025}</UniqueIdentifier>
    </Filter>
    <Filter Include="02.GameObjects\Player\PlayerState\TimeStop">
      <UniqueIdentifier>{c812e6f3-d0c6-4579-b130-3b1734a01609}</UniqueIdentifier>
    </Filter>
    <Filter Include="02.GameObjects\Player\PlayerState\MindControl">
      <UniqueIdentifier>{91e142da-da0f-4e59-b856-d969e44d53da}</UniqueIdentifier>
    </Filter>
    <Filter Include="02.GameObjects\Dynamic_Object">
      <UniqueIdentifier>{fd43cab8-f8a3-435c-ad62-d8e9638d0a13}</UniqueIdentifier>
    </Filter>
    <Filter Include="02.GameObjects\02.Monster\Elite">
      <UniqueIdentifier>{36a92eb3-5ebe-4063-bd64-aa0df6099b4d}</UniqueIdentifier>
    </Filter>
    <Filter Include="02.GameObjects\02.Monster\Jetpack">
      <UniqueIdentifier>{9ff09746-8bfc-4bc0-9309-5fb7c7193297}</UniqueIdentifier>
    </Filter>
    <Filter Include="02.GameObjects\02.Monster\Mira">
      <UniqueIdentifier>{972c7019-0cc3-437b-bfb5-fb3154986778}</UniqueIdentifier>
    </Filter>
    <Filter Include="02.GameObjects\02.Monster\Sniper">
      <UniqueIdentifier>{b5db6737-1e0b-4a12-b36a-7359f46326e4}</UniqueIdentifier>
    </Filter>
    <Filter Include="02.GameObjects\02.Monster\Pistol">
      <UniqueIdentifier>{9600e59e-6c6e-4b07-bcce-460f1a60168e}</UniqueIdentifier>
    </Filter>
    <Filter Include="02.GameObjects\02.Monster\Elite\Weapon">
      <UniqueIdentifier>{571b8dda-7fac-4ebb-870d-3853f505b984}</UniqueIdentifier>
    </Filter>
    <Filter Include="02.GameObjects\02.Monster\Jetpack\Weapon">
      <UniqueIdentifier>{a0403622-fb12-49af-aae3-5936fa783128}</UniqueIdentifier>
    </Filter>
    <Filter Include="02.GameObjects\02.Monster\Jetpack\BackPack">
      <UniqueIdentifier>{a9cee5b3-7568-45fd-bde5-3832769a9c75}</UniqueIdentifier>
    </Filter>
    <Filter Include="02.GameObjects\02.Monster\Pistol\Weapon">
      <UniqueIdentifier>{859b5cac-3244-4411-b74c-cc6b3dd9f818}</UniqueIdentifier>
    </Filter>
    <Filter Include="02.GameObjects\02.Monster\Sniper\Weapon">
      <UniqueIdentifier>{f0b550f4-52a9-4cdf-9253-31328e5b491f}</UniqueIdentifier>
    </Filter>
    <Filter Include="02.GameObjects\02.Monster\Elite\EliteState">
      <UniqueIdentifier>{a2727ce3-dc04-49ef-a54d-831de6a117a4}</UniqueIdentifier>
    </Filter>
    <Filter Include="02.GameObjects\02.Monster\Sniper\SniperState">
      <UniqueIdentifier>{31c34d04-662d-4ac3-9fc8-2bb36640b7aa}</UniqueIdentifier>
    </Filter>
    <Filter Include="02.GameObjects\02.Monster\Spider\SpiderState">
      <UniqueIdentifier>{e38541cc-caae-4ef1-9c26-a10df426ae02}</UniqueIdentifier>
    </Filter>
    <Filter Include="02.GameObjects\02.Monster\Sniper\SniperState\Idle">
      <UniqueIdentifier>{8466de78-b2b5-434d-8a8e-9e88440d4461}</UniqueIdentifier>
    </Filter>
    <Filter Include="02.GameObjects\02.Monster\Sniper\SniperState\Attack">
      <UniqueIdentifier>{49eb9755-4519-47cc-83dc-5b1149e4b93e}</UniqueIdentifier>
    </Filter>
    <Filter Include="02.GameObjects\02.Monster\Sniper\SniperState\Death">
      <UniqueIdentifier>{6828700f-03a8-4bdb-8363-e725a8f4f7a9}</UniqueIdentifier>
    </Filter>
    <Filter Include="02.GameObjects\Player\PlayerState\Jump\JumpFall">
      <UniqueIdentifier>{411765bb-7e3c-45fc-9500-98d9eb6feca9}</UniqueIdentifier>
    </Filter>
    <Filter Include="02.GameObjects\02.Monster\Pistol\PistolState">
      <UniqueIdentifier>{483ec6df-0505-4cb6-9b6e-2d7af060281d}</UniqueIdentifier>
    </Filter>
    <Filter Include="02.GameObjects\02.Monster\Pistol\PistolState\Attack">
      <UniqueIdentifier>{ec713a32-4253-478c-8c84-82fdee8738a8}</UniqueIdentifier>
    </Filter>
    <Filter Include="02.GameObjects\02.Monster\Pistol\PistolState\Death">
      <UniqueIdentifier>{3c4c239c-1597-455b-8f3a-b0eb635493ee}</UniqueIdentifier>
    </Filter>
    <Filter Include="02.GameObjects\02.Monster\Pistol\PistolState\Idle">
      <UniqueIdentifier>{234b7ad0-2919-4750-accb-e94a23a5d48f}</UniqueIdentifier>
    </Filter>
    <Filter Include="02.GameObjects\02.Monster\Pistol\PistolState\Walk">
      <UniqueIdentifier>{7ac98922-165a-44ec-a0de-54db12fb50e9}</UniqueIdentifier>
    </Filter>
    <Filter Include="02.GameObjects\02.Monster\Mira\MiraState">
      <UniqueIdentifier>{e2c7c4c6-19bf-4edc-b0dd-e1489cfda0ce}</UniqueIdentifier>
    </Filter>
    <Filter Include="02.GameObjects\02.Monster\Mira\MiraState\Attack">
      <UniqueIdentifier>{7795f0ce-b2e3-4626-98aa-31507c586c12}</UniqueIdentifier>
    </Filter>
    <Filter Include="02.GameObjects\02.Monster\Mira\MiraState\Idle">
      <UniqueIdentifier>{9db7ce1f-2fc5-4122-bc38-8246ac71952b}</UniqueIdentifier>
    </Filter>
    <Filter Include="02.GameObjects\02.Monster\Mira\MiraState\Death">
      <UniqueIdentifier>{504bd969-992d-4f51-af4b-fbf2bfae1ad7}</UniqueIdentifier>
    </Filter>
    <Filter Include="02.GameObjects\02.Monster\Mira\MiraState\WalkIn">
      <UniqueIdentifier>{a16b3356-852f-420e-9910-42a518944410}</UniqueIdentifier>
    </Filter>
    <Filter Include="02.GameObjects\02.Monster\Mira\MiraState\Suiside">
      <UniqueIdentifier>{d128e28f-8504-40a6-bef9-b3cc974b5376}</UniqueIdentifier>
    </Filter>
    <Filter Include="02.GameObjects\02.Monster\Jetpack\JetpackState">
      <UniqueIdentifier>{5ed2b6c3-3d75-4769-956f-f5ddcf87978c}</UniqueIdentifier>
    </Filter>
    <Filter Include="02.GameObjects\02.Monster\Jetpack\JetpackState\Attack">
      <UniqueIdentifier>{13845713-31fb-445e-b3ea-93503c284462}</UniqueIdentifier>
    </Filter>
    <Filter Include="02.GameObjects\02.Monster\Jetpack\JetpackState\Fly">
      <UniqueIdentifier>{ca19f98f-22ba-4c15-ba0f-6e0b1e915221}</UniqueIdentifier>
    </Filter>
    <Filter Include="02.GameObjects\02.Monster\Jetpack\JetpackState\Idle">
      <UniqueIdentifier>{438c7a85-0eaf-49f8-9180-91ab421399a3}</UniqueIdentifier>
    </Filter>
    <Filter Include="02.GameObjects\02.Monster\Jetpack\JetpackState\Scared">
      <UniqueIdentifier>{51e2b38e-910f-4b01-b828-62bba71ca1ac}</UniqueIdentifier>
    </Filter>
    <Filter Include="02.GameObjects\02.Monster\Jetpack\JetpackState\Death">
      <UniqueIdentifier>{eac7da9d-b15d-494a-bb27-cc4ee884615b}</UniqueIdentifier>
    </Filter>
    <Filter Include="02.GameObjects\Player\Weapon\SubShuriken">
      <UniqueIdentifier>{c05645f8-2b05-43ab-aedb-da75d05ba4da}</UniqueIdentifier>
    </Filter>
    <Filter Include="02.GameObjects\Player\WeaponParticle">
      <UniqueIdentifier>{4599fddd-dc82-426e-b6c6-dfc8437fb298}</UniqueIdentifier>
    </Filter>
    <Filter Include="02.GameObjects\04.Particle">
      <UniqueIdentifier>{a60899b4-94dc-49be-885a-a2ff7ef389d7}</UniqueIdentifier>
    </Filter>
    <Filter Include="02.GameObjects\04.Particle\Blood">
      <UniqueIdentifier>{efd15152-5461-41ff-a5d5-9a011e08b41e}</UniqueIdentifier>
    </Filter>
    <Filter Include="02.GameObjects\Player\Wire">
      <UniqueIdentifier>{c74c553f-6962-4b71-b9e9-a6c6223ca3ee}</UniqueIdentifier>
    </Filter>
    <Filter Include="02.GameObjects\Player\PlayerState\Death">
      <UniqueIdentifier>{f99c2356-b12f-4dd5-92d7-8673434af436}</UniqueIdentifier>
    </Filter>
    <Filter Include="02.GameObjects\02.Monster\Bullet">
      <UniqueIdentifier>{917ded89-ab5f-49c5-a0d0-8db32ad74266}</UniqueIdentifier>
    </Filter>
    <Filter Include="02.GameObjects\Player\WeaponParticle\SwordTrail">
      <UniqueIdentifier>{f3def41d-5e9d-4835-a131-b017d06c8785}</UniqueIdentifier>
    </Filter>
    <Filter Include="02.GameObjects\Player\WeaponParticle\Particle_Block">
      <UniqueIdentifier>{5aaeaac3-7bb0-4999-b289-f10e3f11e8d4}</UniqueIdentifier>
    </Filter>
    <Filter Include="02.GameObjects\Player\WeaponParticle\Particle_CutAll">
      <UniqueIdentifier>{bc05da34-cfef-410a-9aed-79c69c85c7ec}</UniqueIdentifier>
    </Filter>
    <Filter Include="02.GameObjects\Player\WeaponParticle\Particle_Nami">
      <UniqueIdentifier>{54601e3a-e1a6-4678-96f1-7024be783f5b}</UniqueIdentifier>
    </Filter>
    <Filter Include="02.GameObjects\02.Monster\Elite\EliteState\Idle">
      <UniqueIdentifier>{8f51d9b1-f164-4c71-afe8-70de524816d2}</UniqueIdentifier>
    </Filter>
    <Filter Include="02.GameObjects\02.Monster\Elite\EliteState\Walk">
      <UniqueIdentifier>{76fc230c-c52c-4e46-a1a8-10d74318e02b}</UniqueIdentifier>
    </Filter>
    <Filter Include="02.GameObjects\02.Monster\Elite\EliteState\Death">
      <UniqueIdentifier>{cf6bbf33-d8aa-419e-ad88-dcce73aa9398}</UniqueIdentifier>
    </Filter>
    <Filter Include="02.GameObjects\02.Monster\Elite\EliteState\Turbo">
      <UniqueIdentifier>{cc40398a-0132-40d6-916b-e0b2a4f4185b}</UniqueIdentifier>
    </Filter>
    <Filter Include="02.GameObjects\02.Monster\Elite\EliteState\Alert">
      <UniqueIdentifier>{7c14ab55-99b2-4f22-a384-9e5e88e271f6}</UniqueIdentifier>
    </Filter>
    <Filter Include="02.GameObjects\02.Monster\Elite\EliteState\Block">
      <UniqueIdentifier>{9719ed9f-4333-4af7-8b39-11e2edf99716}</UniqueIdentifier>
    </Filter>
    <Filter Include="02.GameObjects\02.Monster\Elite\EliteState\Stun">
      <UniqueIdentifier>{776e0e0a-9bc2-40e0-afe7-607891874042}</UniqueIdentifier>
    </Filter>
    <Filter Include="02.GameObjects\02.Monster\Elite\WeaponParticle">
      <UniqueIdentifier>{14dd3a0e-0771-4064-b29a-3d8cefb9a4f1}</UniqueIdentifier>
    </Filter>
    <Filter Include="02.GameObjects\02.Monster\Jetpack\Particle_Explosion">
      <UniqueIdentifier>{216aab06-9609-4ca9-b5eb-95e6ed2148f1}</UniqueIdentifier>
    </Filter>
    <Filter Include="02.GameObjects\Player\WeaponParticle\Particle_Shuriken">
      <UniqueIdentifier>{ccbfb894-7035-4135-911a-101112b86ca5}</UniqueIdentifier>
    </Filter>
    <Filter Include="02.GameObjects\Player\WeaponParticle\ShurikenTrail">
      <UniqueIdentifier>{a5525b90-d540-4e6d-b159-00adf257087f}</UniqueIdentifier>
    </Filter>
    <Filter Include="02.GameObjects\Player\PlayerState\HomingShuriken">
      <UniqueIdentifier>{41d8302b-ed23-4e79-ba9f-028b74cb86a0}</UniqueIdentifier>
    </Filter>
    <Filter Include="02.GameObjects\GameUI\EnemyMarkerUI">
      <UniqueIdentifier>{51f68f8c-592d-4a23-afd4-c193333dc59b}</UniqueIdentifier>
    </Filter>
    <Filter Include="02.GameObjects\GameUI\CrossHair">
      <UniqueIdentifier>{134cf084-f57e-486b-92c4-93c1b1cac874}</UniqueIdentifier>
    </Filter>
    <Filter Include="02.GameObjects\GameUI\EventNotify">
      <UniqueIdentifier>{b4fc9405-7df5-459e-931e-a615c3247c6d}</UniqueIdentifier>
    </Filter>
    <Filter Include="02.GameObjects\04.Particle\ShockWave">
      <UniqueIdentifier>{2f26365e-73d1-4bd2-892f-a47be6327ffa}</UniqueIdentifier>
    </Filter>
  </ItemGroup>
  <ItemGroup>
    <ClInclude Include="Client.h">
      <Filter>98.Default</Filter>
    </ClInclude>
    <ClInclude Include="Resource.h">
      <Filter>98.Default</Filter>
    </ClInclude>
    <ClInclude Include="stdafx.h">
      <Filter>98.Default</Filter>
    </ClInclude>
    <ClInclude Include="targetver.h">
      <Filter>98.Default</Filter>
    </ClInclude>
    <ClInclude Include="..\Public\MainApp.h">
      <Filter>00.MainApp</Filter>
    </ClInclude>
    <ClInclude Include="..\Public\Client_Defines.h">
      <Filter>99.Defines</Filter>
    </ClInclude>
    <ClInclude Include="..\Public\Level_GamePlay.h">
      <Filter>01.Levels\GamePlay</Filter>
    </ClInclude>
    <ClInclude Include="..\Public\Level_Logo.h">
      <Filter>01.Levels\Logo</Filter>
    </ClInclude>
    <ClInclude Include="..\Public\Level_Loading.h">
      <Filter>01.Levels\Loading</Filter>
    </ClInclude>
    <ClInclude Include="..\public\Loader.h">
      <Filter>01.Levels\Loading\Loader</Filter>
    </ClInclude>
    <ClInclude Include="..\public\BackGround.h">
      <Filter>02.GameObjects\00.BackGround</Filter>
    </ClInclude>
    <ClInclude Include="..\Public\Terrain.h">
      <Filter>02.GameObjects\01.Terrain</Filter>
    </ClInclude>
    <ClInclude Include="..\public\FreeCamera.h">
      <Filter>02.GameObjects\99.Camera</Filter>
    </ClInclude>
    <ClInclude Include="..\Public\Enemy.h">
      <Filter>02.GameObjects\02.Monster</Filter>
    </ClInclude>
    <ClInclude Include="..\Public\Decorative_Object.h">
      <Filter>02.GameObjects\Decorative_Object</Filter>
    </ClInclude>
    <ClInclude Include="..\Public\Static_Object.h">
      <Filter>02.GameObjects\Static_Object</Filter>
    </ClInclude>
    <ClInclude Include="..\Public\Player.h">
      <Filter>02.GameObjects\Player</Filter>
    </ClInclude>
    <ClInclude Include="..\Public\Spider.h">
      <Filter>02.GameObjects\02.Monster\Spider</Filter>
    </ClInclude>
    <ClInclude Include="..\Public\Body_Player.h">
      <Filter>02.GameObjects\Player\Body</Filter>
    </ClInclude>
    <ClInclude Include="..\Public\Weapon_Player.h">
      <Filter>02.GameObjects\Player\Weapon</Filter>
    </ClInclude>
    <ClInclude Include="..\Public\Player_Climb.h">
      <Filter>02.GameObjects\Player\PlayerState\Climb</Filter>
    </ClInclude>
    <ClInclude Include="..\Public\Player_Dash.h">
      <Filter>02.GameObjects\Player\PlayerState\Dash</Filter>
    </ClInclude>
    <ClInclude Include="..\Public\Player_Hook.h">
      <Filter>02.GameObjects\Player\PlayerState\Hook</Filter>
    </ClInclude>
    <ClInclude Include="..\Public\Player_Idle.h">
      <Filter>02.GameObjects\Player\PlayerState\Idle</Filter>
    </ClInclude>
    <ClInclude Include="..\Public\Player_Run.h">
      <Filter>02.GameObjects\Player\PlayerState\Run</Filter>
    </ClInclude>
    <ClInclude Include="..\Public\Player_Jump.h">
      <Filter>02.GameObjects\Player\PlayerState\Jump</Filter>
    </ClInclude>
    <ClInclude Include="..\Public\GrapplingPointUI.h">
      <Filter>02.GameObjects\GameUI\GrapplingPointUI</Filter>
    </ClInclude>
    <ClInclude Include="..\Public\Player_Attack1.h">
      <Filter>02.GameObjects\Player\PlayerState\Attack\Attack1</Filter>
    </ClInclude>
    <ClInclude Include="..\Public\Player_Attack2.h">
      <Filter>02.GameObjects\Player\PlayerState\Attack\Attack2</Filter>
    </ClInclude>
    <ClInclude Include="..\Public\Player_Attack3.h">
      <Filter>02.GameObjects\Player\PlayerState\Attack\Attack3</Filter>
    </ClInclude>
    <ClInclude Include="..\Public\Sky.h">
      <Filter>02.GameObjects\03.Sky</Filter>
    </ClInclude>
    <ClInclude Include="..\Public\Player_Sh_Run.h">
      <Filter>02.GameObjects\Player\PlayerState\Run</Filter>
    </ClInclude>
    <ClInclude Include="..\Public\Player_Sh_Walk.h">
      <Filter>02.GameObjects\Player\PlayerState\Walk</Filter>
    </ClInclude>
    <ClInclude Include="..\Public\Player_Sh_Attack1.h">
      <Filter>02.GameObjects\Player\PlayerState\Attack\Sh_Attack1</Filter>
    </ClInclude>
    <ClInclude Include="..\Public\Player_Walk.h">
      <Filter>02.GameObjects\Player\PlayerState\Walk</Filter>
    </ClInclude>
    <ClInclude Include="..\Public\Player_Sh_Dash.h">
      <Filter>02.GameObjects\Player\PlayerState\Dash</Filter>
    </ClInclude>
    <ClInclude Include="..\Public\Player_Block1.h">
      <Filter>02.GameObjects\Player\PlayerState\Block\Block1</Filter>
    </ClInclude>
    <ClInclude Include="..\Public\Player_Block2.h">
      <Filter>02.GameObjects\Player\PlayerState\Block\Block2</Filter>
    </ClInclude>
    <ClInclude Include="..\Public\Player_Block3.h">
      <Filter>02.GameObjects\Player\PlayerState\Block\Block3</Filter>
    </ClInclude>
    <ClInclude Include="..\Public\IconUI.h">
      <Filter>02.GameObjects\GameUI\IconUI</Filter>
    </ClInclude>
    <ClInclude Include="..\Public\NumberUI.h">
      <Filter>02.GameObjects\GameUI\NumberUI</Filter>
    </ClInclude>
    <ClInclude Include="..\Public\Player_CutAll.h">
      <Filter>02.GameObjects\Player\PlayerState\CutAll</Filter>
    </ClInclude>
    <ClInclude Include="..\Public\Player_Nami.h">
      <Filter>02.GameObjects\Player\PlayerState\Nami</Filter>
    </ClInclude>
    <ClInclude Include="..\Public\Player_TimeStop.h">
      <Filter>02.GameObjects\Player\PlayerState\TimeStop</Filter>
    </ClInclude>
    <ClInclude Include="..\Public\Player_MindControl.h">
      <Filter>02.GameObjects\Player\PlayerState\MindControl</Filter>
    </ClInclude>
    <ClInclude Include="..\Public\Elite.h">
      <Filter>02.GameObjects\02.Monster\Elite</Filter>
    </ClInclude>
    <ClInclude Include="..\Public\BackPack_Jetpack.h">
      <Filter>02.GameObjects\02.Monster\Jetpack\BackPack</Filter>
    </ClInclude>
    <ClInclude Include="..\Public\Dynamic_Object.h">
      <Filter>02.GameObjects\Dynamic_Object</Filter>
    </ClInclude>
    <ClInclude Include="..\Public\Jetpack.h">
      <Filter>02.GameObjects\02.Monster\Jetpack</Filter>
    </ClInclude>
    <ClInclude Include="..\Public\Mira.h">
      <Filter>02.GameObjects\02.Monster\Mira</Filter>
    </ClInclude>
    <ClInclude Include="..\Public\Pistol.h">
      <Filter>02.GameObjects\02.Monster\Pistol</Filter>
    </ClInclude>
    <ClInclude Include="..\Public\Sniper.h">
      <Filter>02.GameObjects\02.Monster\Sniper</Filter>
    </ClInclude>
    <ClInclude Include="..\Public\Weapon_Elite.h">
      <Filter>02.GameObjects\02.Monster\Elite\Weapon</Filter>
    </ClInclude>
    <ClInclude Include="..\Public\Weapon_Jetpack.h">
      <Filter>02.GameObjects\02.Monster\Jetpack\Weapon</Filter>
    </ClInclude>
    <ClInclude Include="..\Public\Weapon_Pistol.h">
      <Filter>02.GameObjects\02.Monster\Pistol\Weapon</Filter>
    </ClInclude>
    <ClInclude Include="..\Public\Weapon_Sniper.h">
      <Filter>02.GameObjects\02.Monster\Sniper\Weapon</Filter>
    </ClInclude>
    <ClInclude Include="..\Public\Sniper_Idle.h">
      <Filter>02.GameObjects\02.Monster\Sniper\SniperState\Idle</Filter>
    </ClInclude>
    <ClInclude Include="..\Public\Sniper_Attack.h">
      <Filter>02.GameObjects\02.Monster\Sniper\SniperState\Attack</Filter>
    </ClInclude>
    <ClInclude Include="..\Public\Sniper_Death.h">
      <Filter>02.GameObjects\02.Monster\Sniper\SniperState\Death</Filter>
    </ClInclude>
    <ClInclude Include="..\Public\Player_JumpFall.h">
      <Filter>02.GameObjects\Player\PlayerState\Jump\JumpFall</Filter>
    </ClInclude>
    <ClInclude Include="..\Public\Pistol_Attack.h">
      <Filter>02.GameObjects\02.Monster\Pistol\PistolState\Attack</Filter>
    </ClInclude>
    <ClInclude Include="..\Public\Pistol_Death.h">
      <Filter>02.GameObjects\02.Monster\Pistol\PistolState\Death</Filter>
    </ClInclude>
    <ClInclude Include="..\Public\Pistol_Idle.h">
      <Filter>02.GameObjects\02.Monster\Pistol\PistolState\Idle</Filter>
    </ClInclude>
    <ClInclude Include="..\Public\Pistol_Walk.h">
      <Filter>02.GameObjects\02.Monster\Pistol\PistolState\Walk</Filter>
    </ClInclude>
    <ClInclude Include="..\Public\Mira_Attack.h">
      <Filter>02.GameObjects\02.Monster\Mira\MiraState\Attack</Filter>
    </ClInclude>
    <ClInclude Include="..\Public\Mira_Death.h">
      <Filter>02.GameObjects\02.Monster\Mira\MiraState\Death</Filter>
    </ClInclude>
    <ClInclude Include="..\Public\Mira_Idle.h">
      <Filter>02.GameObjects\02.Monster\Mira\MiraState\Idle</Filter>
    </ClInclude>
    <ClInclude Include="..\Public\Mira_WalkIn.h">
      <Filter>02.GameObjects\02.Monster\Mira\MiraState\WalkIn</Filter>
    </ClInclude>
    <ClInclude Include="..\Public\Mira_Suiside.h">
      <Filter>02.GameObjects\02.Monster\Mira\MiraState\Suiside</Filter>
    </ClInclude>
    <ClInclude Include="..\Public\Jetpack_Attack.h">
      <Filter>02.GameObjects\02.Monster\Jetpack\JetpackState\Attack</Filter>
    </ClInclude>
    <ClInclude Include="..\Public\Jetpack_Death.h">
      <Filter>02.GameObjects\02.Monster\Jetpack\JetpackState\Death</Filter>
    </ClInclude>
    <ClInclude Include="..\Public\Jetpack_Fly.h">
      <Filter>02.GameObjects\02.Monster\Jetpack\JetpackState\Fly</Filter>
    </ClInclude>
    <ClInclude Include="..\Public\Jetpack_Idle.h">
      <Filter>02.GameObjects\02.Monster\Jetpack\JetpackState\Idle</Filter>
    </ClInclude>
    <ClInclude Include="..\Public\Jetpack_Scared.h">
      <Filter>02.GameObjects\02.Monster\Jetpack\JetpackState\Scared</Filter>
    </ClInclude>
    <ClInclude Include="..\Public\SubShuriken.h">
      <Filter>02.GameObjects\Player\Weapon\SubShuriken</Filter>
    </ClInclude>
    <ClInclude Include="..\Public\Particle_Blood.h">
      <Filter>02.GameObjects\04.Particle\Blood</Filter>
    </ClInclude>
    <ClInclude Include="..\Public\Wire_Player.h">
      <Filter>02.GameObjects\Player\Wire</Filter>
    </ClInclude>
    <ClInclude Include="..\Public\Monster_Bullet.h">
      <Filter>02.GameObjects\02.Monster\Bullet</Filter>
    </ClInclude>
    <ClInclude Include="..\Public\SwordTrail.h">
      <Filter>02.GameObjects\Player\WeaponParticle\SwordTrail</Filter>
    </ClInclude>
    <ClInclude Include="..\Public\Particle_ShurikenEffect.h">
      <Filter>02.GameObjects\Player\WeaponParticle\Particle_Shuriken</Filter>
    </ClInclude>
    <ClInclude Include="..\Public\Particle_Block.h">
      <Filter>02.GameObjects\Player\WeaponParticle\Particle_Block</Filter>
    </ClInclude>
    <ClInclude Include="..\Public\Particle_Nami.h">
      <Filter>02.GameObjects\Player\WeaponParticle\Particle_Nami</Filter>
    </ClInclude>
    <ClInclude Include="..\Public\Particle_CutAll.h">
      <Filter>02.GameObjects\Player\WeaponParticle\Particle_CutAll</Filter>
    </ClInclude>
    <ClInclude Include="..\Public\Elite_Idle.h">
      <Filter>02.GameObjects\02.Monster\Elite\EliteState\Idle</Filter>
    </ClInclude>
    <ClInclude Include="..\Public\Elite_Block.h">
      <Filter>02.GameObjects\02.Monster\Elite\EliteState\Block</Filter>
    </ClInclude>
    <ClInclude Include="..\Public\Elite_Death.h">
      <Filter>02.GameObjects\02.Monster\Elite\EliteState\Death</Filter>
    </ClInclude>
    <ClInclude Include="..\Public\Elite_Turbo.h">
      <Filter>02.GameObjects\02.Monster\Elite\EliteState\Turbo</Filter>
    </ClInclude>
    <ClInclude Include="..\Public\Elite_Walk.h">
      <Filter>02.GameObjects\02.Monster\Elite\EliteState\Walk</Filter>
    </ClInclude>
    <ClInclude Include="..\Public\Elite_Alert.h">
      <Filter>02.GameObjects\02.Monster\Elite\EliteState\Alert</Filter>
    </ClInclude>
    <ClInclude Include="..\Public\Elite_Stun.h">
      <Filter>02.GameObjects\02.Monster\Elite\EliteState\Stun</Filter>
    </ClInclude>
    <ClInclude Include="..\Public\Particle_EliteBlock.h">
      <Filter>02.GameObjects\02.Monster\Elite\WeaponParticle</Filter>
    </ClInclude>
    <ClInclude Include="..\Public\Particle_Explosion.h">
      <Filter>02.GameObjects\02.Monster\Jetpack\Particle_Explosion</Filter>
    </ClInclude>
    <ClInclude Include="..\Public\ShurikenTrail.h">
      <Filter>02.GameObjects\Player\WeaponParticle\ShurikenTrail</Filter>
    </ClInclude>
    <ClInclude Include="..\Public\HomingShuriken.h">
      <Filter>02.GameObjects\Player\PlayerState\HomingShuriken</Filter>
    </ClInclude>
    <ClInclude Include="..\Public\EnemyMarkerUI.h">
      <Filter>02.GameObjects\GameUI\EnemyMarkerUI</Filter>
    </ClInclude>
    <ClInclude Include="..\Public\CrossHairUI.h">
      <Filter>02.GameObjects\GameUI\CrossHair</Filter>
    </ClInclude>
    <ClInclude Include="..\Public\EventNotify.h">
      <Filter>02.GameObjects\GameUI\EventNotify</Filter>
    </ClInclude>
    <ClInclude Include="..\Public\Particle_ShockWave.h">
      <Filter>02.GameObjects\04.Particle\ShockWave</Filter>
    </ClInclude>
  </ItemGroup>
  <ItemGroup>
    <ClCompile Include="Client.cpp">
      <Filter>98.Default</Filter>
    </ClCompile>
    <ClCompile Include="stdafx.cpp">
      <Filter>98.Default</Filter>
    </ClCompile>
    <ClCompile Include="..\Private\MainApp.cpp">
      <Filter>00.MainApp</Filter>
    </ClCompile>
    <ClCompile Include="..\Private\Level_GamePlay.cpp">
      <Filter>01.Levels\GamePlay</Filter>
    </ClCompile>
    <ClCompile Include="..\Private\Level_Logo.cpp">
      <Filter>01.Levels\Logo</Filter>
    </ClCompile>
    <ClCompile Include="..\Private\Level_Loading.cpp">
      <Filter>01.Levels\Loading</Filter>
    </ClCompile>
    <ClCompile Include="..\private\Loader.cpp">
      <Filter>01.Levels\Loading\Loader</Filter>
    </ClCompile>
    <ClCompile Include="..\private\BackGround.cpp">
      <Filter>02.GameObjects\00.BackGround</Filter>
    </ClCompile>
    <ClCompile Include="..\Private\Terrain.cpp">
      <Filter>02.GameObjects\01.Terrain</Filter>
    </ClCompile>
    <ClCompile Include="..\private\FreeCamera.cpp">
      <Filter>02.GameObjects\99.Camera</Filter>
    </ClCompile>
    <ClCompile Include="..\Private\Enemy.cpp">
      <Filter>02.GameObjects\02.Monster</Filter>
    </ClCompile>
    <ClCompile Include="..\Private\Decorative_Object.cpp">
      <Filter>02.GameObjects\Decorative_Object</Filter>
    </ClCompile>
    <ClCompile Include="..\Private\Static_Object.cpp">
      <Filter>02.GameObjects\Static_Object</Filter>
    </ClCompile>
    <ClCompile Include="..\Private\Player.cpp">
      <Filter>02.GameObjects\Player</Filter>
    </ClCompile>
    <ClCompile Include="..\Private\Spider.cpp">
      <Filter>02.GameObjects\02.Monster\Spider</Filter>
    </ClCompile>
    <ClCompile Include="..\Private\Body_Player.cpp">
      <Filter>02.GameObjects\Player\Body</Filter>
    </ClCompile>
    <ClCompile Include="..\Private\Player_Climb.cpp">
      <Filter>02.GameObjects\Player\PlayerState\Climb</Filter>
    </ClCompile>
    <ClCompile Include="..\Private\Player_Dash.cpp">
      <Filter>02.GameObjects\Player\PlayerState\Dash</Filter>
    </ClCompile>
    <ClCompile Include="..\Private\Player_Hook.cpp">
      <Filter>02.GameObjects\Player\PlayerState\Hook</Filter>
    </ClCompile>
    <ClCompile Include="..\Private\Player_Idle.cpp">
      <Filter>02.GameObjects\Player\PlayerState\Idle</Filter>
    </ClCompile>
    <ClCompile Include="..\Private\Player_Run.cpp">
      <Filter>02.GameObjects\Player\PlayerState\Run</Filter>
    </ClCompile>
    <ClCompile Include="..\Private\Player_Jump.cpp">
      <Filter>02.GameObjects\Player\PlayerState\Jump</Filter>
    </ClCompile>
    <ClCompile Include="..\Private\GrapplingPointUI.cpp">
      <Filter>02.GameObjects\GameUI\GrapplingPointUI</Filter>
    </ClCompile>
    <ClCompile Include="..\Private\Player_Attack1.cpp">
      <Filter>02.GameObjects\Player\PlayerState\Attack\Attack1</Filter>
    </ClCompile>
    <ClCompile Include="..\Private\Player_Attack2.cpp">
      <Filter>02.GameObjects\Player\PlayerState\Attack\Attack2</Filter>
    </ClCompile>
    <ClCompile Include="..\Private\Player_Attack3.cpp">
      <Filter>02.GameObjects\Player\PlayerState\Attack\Attack3</Filter>
    </ClCompile>
    <ClCompile Include="..\Private\Sky.cpp">
      <Filter>02.GameObjects\03.Sky</Filter>
    </ClCompile>
    <ClCompile Include="..\Private\Player_Sh_Run.cpp">
      <Filter>02.GameObjects\Player\PlayerState\Run</Filter>
    </ClCompile>
    <ClCompile Include="..\Private\Player_Sh_Walk.cpp">
      <Filter>02.GameObjects\Player\PlayerState\Walk</Filter>
    </ClCompile>
    <ClCompile Include="..\Private\Player_Sh_Attack1.cpp">
      <Filter>02.GameObjects\Player\PlayerState\Attack\Sh_Attack1</Filter>
    </ClCompile>
    <ClCompile Include="..\Private\Player_Walk.cpp">
      <Filter>02.GameObjects\Player\PlayerState\Walk</Filter>
    </ClCompile>
    <ClCompile Include="..\Private\Player_Sh_Dash.cpp">
      <Filter>02.GameObjects\Player\PlayerState\Dash</Filter>
    </ClCompile>
    <ClCompile Include="..\Private\Player_Block1.cpp">
      <Filter>02.GameObjects\Player\PlayerState\Block\Block1</Filter>
    </ClCompile>
    <ClCompile Include="..\Private\Player_Block2.cpp">
      <Filter>02.GameObjects\Player\PlayerState\Block\Block2</Filter>
    </ClCompile>
    <ClCompile Include="..\Private\Player_Block3.cpp">
      <Filter>02.GameObjects\Player\PlayerState\Block\Block3</Filter>
    </ClCompile>
    <ClCompile Include="..\Private\IconUI.cpp">
      <Filter>02.GameObjects\GameUI\IconUI</Filter>
    </ClCompile>
    <ClCompile Include="..\Private\NumberUI.cpp">
      <Filter>02.GameObjects\GameUI\NumberUI</Filter>
    </ClCompile>
    <ClCompile Include="..\Private\Player_CutAll.cpp">
      <Filter>02.GameObjects\Player\PlayerState\CutAll</Filter>
    </ClCompile>
    <ClCompile Include="..\Private\Player_Nami.cpp">
      <Filter>02.GameObjects\Player\PlayerState\Nami</Filter>
    </ClCompile>
    <ClCompile Include="..\Private\Player_TimeStop.cpp">
      <Filter>02.GameObjects\Player\PlayerState\TimeStop</Filter>
    </ClCompile>
    <ClCompile Include="..\Private\Player_MindControl.cpp">
      <Filter>02.GameObjects\Player\PlayerState\MindControl</Filter>
    </ClCompile>
    <ClCompile Include="..\Private\Jetpack.cpp">
      <Filter>02.GameObjects\02.Monster\Jetpack</Filter>
    </ClCompile>
    <ClCompile Include="..\Private\BackPack_Jetpack.cpp">
      <Filter>02.GameObjects\02.Monster\Jetpack\BackPack</Filter>
    </ClCompile>
    <ClCompile Include="..\Private\Dynamic_Object.cpp">
      <Filter>02.GameObjects\Dynamic_Object</Filter>
    </ClCompile>
    <ClCompile Include="..\Private\Elite.cpp">
      <Filter>02.GameObjects\02.Monster\Elite</Filter>
    </ClCompile>
    <ClCompile Include="..\Private\Mira.cpp">
      <Filter>02.GameObjects\02.Monster\Mira</Filter>
    </ClCompile>
    <ClCompile Include="..\Private\Pistol.cpp">
      <Filter>02.GameObjects\02.Monster\Pistol</Filter>
    </ClCompile>
    <ClCompile Include="..\Private\Sniper.cpp">
      <Filter>02.GameObjects\02.Monster\Sniper</Filter>
    </ClCompile>
    <ClCompile Include="..\Private\Weapon_Elite.cpp">
      <Filter>02.GameObjects\02.Monster\Elite\Weapon</Filter>
    </ClCompile>
    <ClCompile Include="..\Private\Weapon_Jetpack.cpp">
      <Filter>02.GameObjects\02.Monster\Jetpack\Weapon</Filter>
    </ClCompile>
    <ClCompile Include="..\Private\Weapon_Pistol.cpp">
      <Filter>02.GameObjects\02.Monster\Pistol\Weapon</Filter>
    </ClCompile>
    <ClCompile Include="..\Private\Weapon_Sniper.cpp">
      <Filter>02.GameObjects\02.Monster\Sniper\Weapon</Filter>
    </ClCompile>
    <ClCompile Include="..\Private\Sniper_Idle.cpp">
      <Filter>02.GameObjects\02.Monster\Sniper\SniperState\Idle</Filter>
    </ClCompile>
    <ClCompile Include="..\Private\Sniper_Attack.cpp">
      <Filter>02.GameObjects\02.Monster\Sniper\SniperState\Attack</Filter>
    </ClCompile>
    <ClCompile Include="..\Private\Sniper_Death.cpp">
      <Filter>02.GameObjects\02.Monster\Sniper\SniperState\Death</Filter>
    </ClCompile>
    <ClCompile Include="..\Private\Player_JumpFall.cpp">
      <Filter>02.GameObjects\Player\PlayerState\Jump\JumpFall</Filter>
    </ClCompile>
    <ClCompile Include="..\Private\Pistol_Attack.cpp">
      <Filter>02.GameObjects\02.Monster\Pistol\PistolState\Attack</Filter>
    </ClCompile>
    <ClCompile Include="..\Private\Pistol_Death.cpp">
      <Filter>02.GameObjects\02.Monster\Pistol\PistolState\Death</Filter>
    </ClCompile>
    <ClCompile Include="..\Private\Pistol_Idle.cpp">
      <Filter>02.GameObjects\02.Monster\Pistol\PistolState\Idle</Filter>
    </ClCompile>
    <ClCompile Include="..\Private\Pistol_Walk.cpp">
      <Filter>02.GameObjects\02.Monster\Pistol\PistolState\Walk</Filter>
    </ClCompile>
    <ClCompile Include="..\Private\Mira_Attack.cpp">
      <Filter>02.GameObjects\02.Monster\Mira\MiraState\Attack</Filter>
    </ClCompile>
    <ClCompile Include="..\Private\Mira_Death.cpp">
      <Filter>02.GameObjects\02.Monster\Mira\MiraState\Death</Filter>
    </ClCompile>
    <ClCompile Include="..\Private\Mira_Idle.cpp">
      <Filter>02.GameObjects\02.Monster\Mira\MiraState\Idle</Filter>
    </ClCompile>
    <ClCompile Include="..\Private\Mira_WalkIn.cpp">
      <Filter>02.GameObjects\02.Monster\Mira\MiraState\WalkIn</Filter>
    </ClCompile>
    <ClCompile Include="..\Private\Mira_Suiside.cpp">
      <Filter>02.GameObjects\02.Monster\Mira\MiraState\Suiside</Filter>
    </ClCompile>
    <ClCompile Include="..\Private\Jetpack_Attack.cpp">
      <Filter>02.GameObjects\02.Monster\Jetpack\JetpackState\Attack</Filter>
    </ClCompile>
    <ClCompile Include="..\Private\Jetpack_Death.cpp">
      <Filter>02.GameObjects\02.Monster\Jetpack\JetpackState\Death</Filter>
    </ClCompile>
    <ClCompile Include="..\Private\Jetpack_Fly.cpp">
      <Filter>02.GameObjects\02.Monster\Jetpack\JetpackState\Fly</Filter>
    </ClCompile>
    <ClCompile Include="..\Private\Jetpack_Idle.cpp">
      <Filter>02.GameObjects\02.Monster\Jetpack\JetpackState\Idle</Filter>
    </ClCompile>
    <ClCompile Include="..\Private\Jetpack_Scared.cpp">
      <Filter>02.GameObjects\02.Monster\Jetpack\JetpackState\Scared</Filter>
    </ClCompile>
    <ClCompile Include="..\Private\SubShuriken.cpp">
      <Filter>02.GameObjects\Player\Weapon\SubShuriken</Filter>
    </ClCompile>
    <ClCompile Include="..\Private\Particle_Blood.cpp">
      <Filter>02.GameObjects\04.Particle\Blood</Filter>
    </ClCompile>
    <ClCompile Include="..\Private\Weapon_Player.cpp">
      <Filter>02.GameObjects\Player\Weapon</Filter>
    </ClCompile>
    <ClCompile Include="..\Private\Wire_Player.cpp">
      <Filter>02.GameObjects\Player\Wire</Filter>
    </ClCompile>
    <ClCompile Include="..\Private\Monster_Bullet.cpp">
      <Filter>02.GameObjects\02.Monster\Bullet</Filter>
    </ClCompile>
    <ClCompile Include="..\Private\SwordTrail.cpp">
      <Filter>02.GameObjects\Player\WeaponParticle\SwordTrail</Filter>
    </ClCompile>
    <ClCompile Include="..\Private\Particle_ShurikenEffect.cpp">
      <Filter>02.GameObjects\Player\WeaponParticle\Particle_Shuriken</Filter>
    </ClCompile>
    <ClCompile Include="..\Private\Particle_Block.cpp">
      <Filter>02.GameObjects\Player\WeaponParticle\Particle_Block</Filter>
    </ClCompile>
    <ClCompile Include="..\Private\Particle_Nami.cpp">
      <Filter>02.GameObjects\Player\WeaponParticle\Particle_Nami</Filter>
    </ClCompile>
    <ClCompile Include="..\Private\Particle_CutAll.cpp">
      <Filter>02.GameObjects\Player\WeaponParticle\Particle_CutAll</Filter>
    </ClCompile>
    <ClCompile Include="..\Private\Elite_Idle.cpp">
      <Filter>02.GameObjects\02.Monster\Elite\EliteState\Idle</Filter>
    </ClCompile>
    <ClCompile Include="..\Private\Elite_Block.cpp">
      <Filter>02.GameObjects\02.Monster\Elite\EliteState\Block</Filter>
    </ClCompile>
    <ClCompile Include="..\Private\Elite_Death.cpp">
      <Filter>02.GameObjects\02.Monster\Elite\EliteState\Death</Filter>
    </ClCompile>
    <ClCompile Include="..\Private\Elite_Turbo.cpp">
      <Filter>02.GameObjects\02.Monster\Elite\EliteState\Turbo</Filter>
    </ClCompile>
    <ClCompile Include="..\Private\Elite_Walk.cpp">
      <Filter>02.GameObjects\02.Monster\Elite\EliteState\Walk</Filter>
    </ClCompile>
    <ClCompile Include="..\Private\Elite_Alert.cpp">
      <Filter>02.GameObjects\02.Monster\Elite\EliteState\Alert</Filter>
    </ClCompile>
    <ClCompile Include="..\Private\Elite_Stun.cpp">
      <Filter>02.GameObjects\02.Monster\Elite\EliteState\Stun</Filter>
    </ClCompile>
    <ClCompile Include="..\Private\Particle_EliteBlock.cpp">
      <Filter>02.GameObjects\02.Monster\Elite\WeaponParticle</Filter>
    </ClCompile>
    <ClCompile Include="..\Private\Particle_Explosion.cpp">
      <Filter>02.GameObjects\02.Monster\Jetpack\Particle_Explosion</Filter>
    </ClCompile>
    <ClCompile Include="..\Private\ShurikenTrail.cpp">
      <Filter>02.GameObjects\Player\WeaponParticle\ShurikenTrail</Filter>
    </ClCompile>
    <ClCompile Include="..\Private\HomingShuriken.cpp">
      <Filter>02.GameObjects\Player\PlayerState\HomingShuriken</Filter>
    </ClCompile>
    <ClCompile Include="..\Private\EnemyMarkerUI.cpp">
      <Filter>02.GameObjects\GameUI\EnemyMarkerUI</Filter>
    </ClCompile>
    <ClCompile Include="..\Private\CrossHairUI.cpp">
      <Filter>02.GameObjects\GameUI\CrossHair</Filter>
    </ClCompile>
    <ClCompile Include="..\Private\EventNotify.cpp">
      <Filter>02.GameObjects\GameUI\EventNotify</Filter>
    </ClCompile>
    <ClCompile Include="..\Private\Particle_ShockWave.cpp">
      <Filter>02.GameObjects\04.Particle\ShockWave</Filter>
    </ClCompile>
  </ItemGroup>
  <ItemGroup>
    <Image Include="Client.ico">
      <Filter>98.Default</Filter>
    </Image>
    <Image Include="small.ico">
      <Filter>98.Default</Filter>
    </Image>
  </ItemGroup>
  <ItemGroup>
    <ResourceCompile Include="Client.rc">
      <Filter>98.Default</Filter>
    </ResourceCompile>
  </ItemGroup>
  <ItemGroup>
    <Text Include="ReadMe.txt">
      <Filter>98.Default</Filter>
    </Text>
  </ItemGroup>
  <ItemGroup>
    <FxCompile Include="..\Bin\ShaderFiles\Shader_VtxPosTex.hlsl">
      <Filter>97.ShaderFiles</Filter>
    </FxCompile>
    <FxCompile Include="..\Bin\ShaderFiles\Shader_VtxNorTex.hlsl">
      <Filter>97.ShaderFiles</Filter>
    </FxCompile>
    <FxCompile Include="..\Bin\ShaderFiles\Shader_VtxModel.hlsl">
      <Filter>97.ShaderFiles</Filter>
    </FxCompile>
    <FxCompile Include="..\Bin\ShaderFiles\Shader_VtxAnimModel.hlsl">
      <Filter>97.ShaderFiles</Filter>
    </FxCompile>
    <FxCompile Include="..\Bin\ShaderFiles\Shader_VtxCubeTex.hlsl">
      <Filter>97.ShaderFiles</Filter>
    </FxCompile>
    <FxCompile Include="..\Bin\ShaderFiles\Shader_IconUI.hlsl">
      <Filter>97.ShaderFiles</Filter>
    </FxCompile>
    <FxCompile Include="..\Bin\ShaderFiles\Shader_NumberUI.hlsl">
      <Filter>97.ShaderFiles</Filter>
    </FxCompile>
    <FxCompile Include="..\Bin\ShaderFiles\Shader_VtxPointInstance.hlsl">
      <Filter>97.ShaderFiles</Filter>
    </FxCompile>
    <FxCompile Include="..\Bin\ShaderFiles\Shader_VtxRectInstance.hlsl">
      <Filter>97.ShaderFiles</Filter>
    </FxCompile>
    <FxCompile Include="..\Bin\ShaderFiles\Shader_VtxMeshInstance.hlsl">
      <Filter>97.ShaderFiles</Filter>
    </FxCompile>
    <FxCompile Include="..\Bin\ShaderFiles\Shader_VtxSwordTrail.hlsl">
      <Filter>97.ShaderFiles</Filter>
    </FxCompile>
  </ItemGroup>
</Project>